schema: '2.0'
stages:
  data_ingestion:
    cmd: python src/cnnClassifier/pipeline/stage_01_data_ingestion.py
    deps:
    - path: config/config.yaml
      hash: md5
      md5: 1f214aa3c8c226a8868336f9bff5d894
      size: 810
    - path: src/cnnClassifier/pipeline/stage_01_data_ingestion.py
      hash: md5
      md5: afe067fe5b882e821591e52cc6ec8f59
      size: 1363
    outs:
    - path: artifacts/data_ingestion/Chicken-fecal-images
      hash: md5
      md5: 9e1f8dd2eae3c29e9d635df89d438ae4.dir
      size: 12207807
      nfiles: 390
  prepare_base_model:
    cmd: python src/cnnClassifier/pipeline/stage_02_prepare_base_model.py
    deps:
    - path: config/config.yaml
      hash: md5
      md5: 1f214aa3c8c226a8868336f9bff5d894
      size: 810
    - path: src/cnnClassifier/pipeline/stage_02_prepare_base_model.py
      hash: md5
      md5: 005ff7facb2ded8c8939e9baca187548
      size: 976
    params:
      params.yaml:
        CLASSES: 2
        IMAGE_SIZE:
        - 224
        - 224
        - 3
        INCLUDE_TOP: false
        LEARNING_RATE: 0.01
        WEIGHETS: imagenet
    outs:
    - path: artifacts/prepare_base_model
      hash: md5
      md5: b4dcf04fee4481476c814c48d3d0640f.dir
      size: 118073209
      nfiles: 2
  training:
    cmd: python src/cnnClassifier/pipeline/stage_03_training.py
    deps:
    - path: artifacts/data_ingestion/Chicken-fecal-images
      hash: md5
      md5: 9e1f8dd2eae3c29e9d635df89d438ae4.dir
      size: 12207807
      nfiles: 390
    - path: artifacts/prepare_base_model
      hash: md5
      md5: b4dcf04fee4481476c814c48d3d0640f.dir
      size: 118073209
      nfiles: 2
    - path: config/config.yaml
      hash: md5
      md5: 1f214aa3c8c226a8868336f9bff5d894
      size: 810
    - path: src/cnnClassifier/components/prepare_callbacks.py
      hash: md5
      md5: 1e69839af67fd0a4daa4b01995ff0974
      size: 967
    - path: src/cnnClassifier/pipeline/stage_03_training.py
      hash: md5
      md5: e4994ff96a843b17bd29f695346ed12e
      size: 1138
    params:
      params.yaml:
        AUGMENTATION: true
        BATCH_SIZE: 16
        EPOCHS: 1
        IMAGE_SIZE:
        - 224
        - 224
        - 3
    outs:
    - path: artifacts/training/model.keras
      hash: md5
      md5: 56df534d8eb2d9e53056d22e10bdd0a6
      size: 59141249
  evaluation:
    cmd: python src/cnnClassifier/pipeline/stage_04_model_evaluation.py
    deps:
    - path: artifacts/data_ingestion/Chicken-fecal-images
      hash: md5
      md5: 9e1f8dd2eae3c29e9d635df89d438ae4.dir
      size: 12207807
      nfiles: 390
    - path: artifacts/training/model.keras
      hash: md5
      md5: 56df534d8eb2d9e53056d22e10bdd0a6
      size: 59141249
    - path: config/config.yaml
      hash: md5
      md5: 1f214aa3c8c226a8868336f9bff5d894
      size: 810
    - path: src/cnnClassifier/pipeline/stage_04_model_evaluation.py
      hash: md5
      md5: 595fc7410bb5a9e032bfa98c726c89ae
      size: 841
    params:
      params.yaml:
        BATCH_SIZE: 16
        IMAGE_SIZE:
        - 224
        - 224
        - 3
    outs:
    - path: scores.json
      hash: md5
      md5: 47f8a965eb0e0507c653ca6e3b5ec349
      size: 71
